{
  "version": 4,
  "terraform_version": "1.6.0",
  "serial": 28,
  "lineage": "59629160-fe43-3ed6-7581-91f242381ae2",
  "outputs": {},
  "resources": [
    {
      "mode": "managed",
      "type": "local_file",
      "name": "productos",
      "provider": "provider[\"registry.terraform.io/hashicorp/local\"]",
      "instances": [
        {
          "index_key": 0,
          "schema_version": 0,
          "attributes": {
            "content": "LISTA DE PRODUCTOS PARA EL SIGUIENTE MES",
            "content_base64": null,
            "content_base64sha256": "CrmurKJXuDXjWh/XInCrJ7GwfadZgnaRg0VVnvNHWkg=",
            "content_base64sha512": "cq1+Km1Q87H0cLNYBTn3MFvXLc/tp3airN/SFHBdF9q2gy4623mF3R5tSDndG65ufdhHpNhURgNDWFReGgozqw==",
            "content_md5": "4f5d2f6b9ec40f48d383ca3474c6e6bb",
            "content_sha1": "86b4acc25f59b603c2f14a5a4900642ef5d83dd6",
            "content_sha256": "0ab9aeaca257b835e35a1fd72270ab27b1b07da7598276918345559ef3475a48",
            "content_sha512": "72ad7e2a6d50f3b1f470b3580539f7305bd72dcfeda776a2acdfd214705d17dab6832e3adb7985dd1e6d4839dd1bae6e7dd847a4d85446034358545e1a0a33ab",
            "directory_permission": "0777",
            "file_permission": "0777",
            "filename": "productos.txt",
            "id": "86b4acc25f59b603c2f14a5a4900642ef5d83dd6",
            "sensitive_content": null,
            "source": null
          },
          "sensitive_attributes": []
        },
        {
          "index_key": 1,
          "schema_version": 0,
          "attributes": {
            "content": "LISTA DE PRODUCTOS PARA EL SIGUIENTE MES",
            "content_base64": null,
            "content_base64sha256": "CrmurKJXuDXjWh/XInCrJ7GwfadZgnaRg0VVnvNHWkg=",
            "content_base64sha512": "cq1+Km1Q87H0cLNYBTn3MFvXLc/tp3airN/SFHBdF9q2gy4623mF3R5tSDndG65ufdhHpNhURgNDWFReGgozqw==",
            "content_md5": "4f5d2f6b9ec40f48d383ca3474c6e6bb",
            "content_sha1": "86b4acc25f59b603c2f14a5a4900642ef5d83dd6",
            "content_sha256": "0ab9aeaca257b835e35a1fd72270ab27b1b07da7598276918345559ef3475a48",
            "content_sha512": "72ad7e2a6d50f3b1f470b3580539f7305bd72dcfeda776a2acdfd214705d17dab6832e3adb7985dd1e6d4839dd1bae6e7dd847a4d85446034358545e1a0a33ab",
            "directory_permission": "0777",
            "file_permission": "0777",
            "filename": "productos.txt",
            "id": "86b4acc25f59b603c2f14a5a4900642ef5d83dd6",
            "sensitive_content": null,
            "source": null
          },
          "sensitive_attributes": []
        },
        {
          "index_key": 2,
          "schema_version": 0,
          "attributes": {
            "content": "LISTA DE PRODUCTOS PARA EL SIGUIENTE MES",
            "content_base64": null,
            "content_base64sha256": "CrmurKJXuDXjWh/XInCrJ7GwfadZgnaRg0VVnvNHWkg=",
            "content_base64sha512": "cq1+Km1Q87H0cLNYBTn3MFvXLc/tp3airN/SFHBdF9q2gy4623mF3R5tSDndG65ufdhHpNhURgNDWFReGgozqw==",
            "content_md5": "4f5d2f6b9ec40f48d383ca3474c6e6bb",
            "content_sha1": "86b4acc25f59b603c2f14a5a4900642ef5d83dd6",
            "content_sha256": "0ab9aeaca257b835e35a1fd72270ab27b1b07da7598276918345559ef3475a48",
            "content_sha512": "72ad7e2a6d50f3b1f470b3580539f7305bd72dcfeda776a2acdfd214705d17dab6832e3adb7985dd1e6d4839dd1bae6e7dd847a4d85446034358545e1a0a33ab",
            "directory_permission": "0777",
            "file_permission": "0777",
            "filename": "productos.txt",
            "id": "86b4acc25f59b603c2f14a5a4900642ef5d83dd6",
            "sensitive_content": null,
            "source": null
          },
          "sensitive_attributes": []
        }
      ]
    },
    {
      "mode": "managed",
      "type": "random_string",
      "name": "randomfiles",
      "provider": "provider[\"registry.terraform.io/hashicorp/random\"]",
      "instances": [
        {
          "index_key": 0,
          "schema_version": 2,
          "attributes": {
            "id": "ETITA",
            "keepers": null,
            "length": 5,
            "lower": false,
            "min_lower": 0,
            "min_numeric": 0,
            "min_special": 0,
            "min_upper": 0,
            "number": true,
            "numeric": true,
            "override_special": "/$",
            "result": "ETITA",
            "special": true,
            "upper": true
          },
          "sensitive_attributes": []
        },
        {
          "index_key": 1,
          "schema_version": 2,
          "attributes": {
            "id": "Z1FQQ",
            "keepers": null,
            "length": 5,
            "lower": false,
            "min_lower": 0,
            "min_numeric": 0,
            "min_special": 0,
            "min_upper": 0,
            "number": true,
            "numeric": true,
            "override_special": "/$",
            "result": "Z1FQQ",
            "special": true,
            "upper": true
          },
          "sensitive_attributes": []
        },
        {
          "index_key": 2,
          "schema_version": 2,
          "attributes": {
            "id": "6IZJH",
            "keepers": null,
            "length": 5,
            "lower": false,
            "min_lower": 0,
            "min_numeric": 0,
            "min_special": 0,
            "min_upper": 0,
            "number": true,
            "numeric": true,
            "override_special": "/$",
            "result": "6IZJH",
            "special": true,
            "upper": true
          },
          "sensitive_attributes": []
        }
      ]
    }
  ],
  "check_results": null
}
